Microsoft Visual Studio Solution File, Format Version 12.00
# Visual Studio Version 17
VisualStudioVersion = 17.5.2.0
MinimumVisualStudioVersion = 10.0.40219.1
Project("{FAE04EC0-301F-11D3-BF4B-00C04F79EFBC}") = "comments", "comments.csproj", "{D2CF4A34-F096-9F4F-038B-E53A40A673E1}"
EndProject
Global
	GlobalSection(SolutionConfigurationPlatforms) = preSolution
		Debug|Any CPU = Debug|Any CPU
		Release|Any CPU = Release|Any CPU
	EndGlobalSection
	GlobalSection(ProjectConfigurationPlatforms) = postSolution
		{D2CF4A34-F096-9F4F-038B-E53A40A673E1}.Debug|Any CPU.ActiveCfg = Debug|Any CPU
		{D2CF4A34-F096-9F4F-038B-E53A40A673E1}.Debug|Any CPU.Build.0 = Debug|Any CPU
		{D2CF4A34-F096-9F4F-038B-E53A40A673E1}.Release|Any CPU.ActiveCfg = Release|Any CPU
		{D2CF4A34-F096-9F4F-038B-E53A40A673E1}.Release|Any CPU.Build.0 = Release|Any CPU
	EndGlobalSection
	GlobalSection(SolutionProperties) = preSolution
		HideSolutionNode = FALSE
	EndGlobalSection
	GlobalSection(ExtensibilityGlobals) = postSolution
		SolutionGuid = {B4958D4A-38B6-464C-91D8-1989238174C1}
	EndGlobalSection
EndGlobal
